#MicroXplorer Configuration settings - do not modify
ADC1.Channel-0\#ChannelRegularConversion=ADC_CHANNEL_10
ADC1.ContinuousConvMode=ENABLE
ADC1.IPParameters=Rank-0\#ChannelRegularConversion,Channel-0\#ChannelRegularConversion,SamplingTime-0\#ChannelRegularConversion,NbrOfConversionFlag,master,ContinuousConvMode,InjNumberOfConversion
ADC1.InjNumberOfConversion=0
ADC1.NbrOfConversionFlag=1
ADC1.Rank-0\#ChannelRegularConversion=1
ADC1.SamplingTime-0\#ChannelRegularConversion=ADC_SAMPLETIME_55CYCLES_5
ADC1.master=1
File.Version=6
KeepUserPlacement=false
Mcu.Family=STM32F1
Mcu.IP0=ADC1
Mcu.IP1=NVIC
Mcu.IP2=RCC
Mcu.IP3=SYS
Mcu.IP4=USART1
Mcu.IPNb=5
Mcu.Name=STM32F103Z(C-D-E)Tx
Mcu.Package=LQFP144
Mcu.Pin0=OSC_IN
Mcu.Pin1=OSC_OUT
Mcu.Pin2=PC0
Mcu.Pin3=PA9
Mcu.Pin4=PA10
Mcu.Pin5=VP_SYS_VS_Systick
Mcu.PinsNb=6
Mcu.UserConstants=
Mcu.UserName=STM32F103ZETx
MxCube.Version=4.14.0
MxDb.Version=DB.4.0.140
NVIC.ADC1_2_IRQn=true\:1\:0\:true\:false\:true
NVIC.BusFault_IRQn=true\:0\:0\:false\:false\:true
NVIC.DebugMonitor_IRQn=true\:0\:0\:false\:false\:true
NVIC.HardFault_IRQn=true\:0\:0\:false\:false\:true
NVIC.MemoryManagement_IRQn=true\:0\:0\:false\:false\:true
NVIC.NonMaskableInt_IRQn=true\:0\:0\:false\:false\:true
NVIC.PriorityGroup=NVIC_PRIORITYGROUP_2
NVIC.SysTick_IRQn=true\:0\:0\:false\:false\:true
NVIC.UsageFault_IRQn=true\:0\:0\:false\:false\:true
OSC_IN.Mode=HSE-External-Oscillator
OSC_IN.Signal=RCC_OSC_IN
OSC_OUT.Mode=HSE-External-Oscillator
OSC_OUT.Signal=RCC_OSC_OUT
PA10.Locked=true
PA10.Mode=Asynchronous
PA10.Signal=USART1_RX
PA9.Locked=true
PA9.Mode=Asynchronous
PA9.Signal=USART1_TX
PC0.Signal=ADCx_IN10
PCC.Checker=false
PCC.Line=STM32F103
PCC.MCU=STM32F103Z(C-D-E)Tx
PCC.MXVersion=4.14.0
PCC.PartNumber=STM32F103ZETx
PCC.Seq0=0
PCC.Series=STM32F1
PCC.Temperature=25
PCC.Vdd=3.3
ProjectManager.AskForMigrate=true
ProjectManager.BackupPrevious=false
ProjectManager.CompilerOptimize=2
ProjectManager.ComputerToolchain=false
ProjectManager.CoupleFile=true
ProjectManager.DeletePrevious=true
ProjectManager.DeviceId=STM32F103ZETx
ProjectManager.FirmwarePackage=STM32Cube FW_F1 V1.3.1
ProjectManager.FreePins=false
ProjectManager.HalAssertFull=false
ProjectManager.HeapSize=0x200
ProjectManager.KeepUserCode=true
ProjectManager.LastFirmware=true
ProjectManager.LibraryCopy=0
ProjectManager.PreviousToolchain=
ProjectManager.ProjectBuild=false
ProjectManager.ProjectFileName=YS-F1Pro.ioc
ProjectManager.ProjectName=YS-F1Pro
ProjectManager.StackSize=0x1000
ProjectManager.TargetToolchain=MDK-ARM V5
ProjectManager.ToolChainLocation=E\:\\\u786C\u77F3\u7535\u5B50\\2. \u8F6F\u4EF6\u8BBE\u8BA1(HAL\u5E93\u7248\u672C)\\1. \u8F6F\u4EF6\u8BBE\u8BA1\u4E4B\u57FA\u672C\u88F8\u673A\u4F8B\u7A0B(HAL\u5E93\u7248\u672C)\\YSF1_HAL-021. ADC-\u5355\u901A\u9053\u91C7\u96C6(\u7535\u4F4D\u5668)\\E\:\\\u786C\u77F3\u7535\u5B50\\2. \u8F6F\u4EF6\u8BBE\u8BA1(HAL\u5E93\u7248\u672C)\\1. \u8F6F\u4EF6\u8BBE\u8BA1\u4E4B\u57FA\u672C\u88F8\u673A\u4F8B\u7A0B(HAL\u5E93\u7248\u672C)\\YSF1_HAL-008. USART-\u8C03\u8BD5\u4E32\u53E3\\E\:\\\u786C\u77F3\u7535\u5B50\\2. \u8F6F\u4EF6\u8BBE\u8BA1(HAL\u5E93\u7248\u672C)\\1. \u8F6F\u4EF6\u8BBE\u8BA1\u4E4B\u57FA\u672C\u88F8\u673A\u4F8B\u7A0B(HAL\u5E93\u7248\u672C)\\YSF1_HAL-006. USART-\u4E32\u53E3\u901A\u4FE1\\USART1\\I\:\\Temp\\1. \u8F6F\u4EF6\u8BBE\u8BA1\u4E4B\u57FA\u672C\u88F8\u673A\u4F8B\u7A0B(\u57FA\u4E8EHAL\u5E93)\\YSF1_HAL-001. \u5DE5\u7A0B\u6A21\u677F(HAL\u5E93\u79FB\u690D)\\
ProjectManager.UnderRoot=false
ProjectManager.functionlistsort=1-MX_GPIO_Init-GPIO-false,2-MX_USART1_UART_Init-USART1-false,3-MX_ADC1_Init-ADC1-false
RCC.ADCFreqValue=12000000
RCC.ADCPresc=RCC_ADCPCLK2_DIV6
RCC.AHBFreq_Value=72000000
RCC.APB1CLKDivider=RCC_HCLK_DIV2
RCC.APB1Freq_Value=36000000
RCC.APB1TimFreq_Value=72000000
RCC.APB2Freq_Value=72000000
RCC.APB2TimFreq_Value=72000000
RCC.FCLKCortexFreq_Value=72000000
RCC.FSMCFreq_Value=72000000
RCC.FamilyName=M
RCC.HCLKFreq_Value=72000000
RCC.HSIState=RCC_HSI_ON
RCC.I2S2Freq_Value=72000000
RCC.I2S3Freq_Value=72000000
RCC.IPParameters=FamilyName,PLLCLKFreq_Value,PLLMCOFreq_Value,TimSysFreq_Value,APB1Freq_Value,APB2Freq_Value,PLLSourceVirtual,USBFreq_Value,VCOOutput2Freq_Value,SYSCLKSource,HCLKFreq_Value,I2S2Freq_Value,I2S3Freq_Value,SDIOHCLKDiv2FreqValue,AHBFreq_Value,FSMCFreq_Value,SDIOFreq_Value,FCLKCortexFreq_Value,APB1TimFreq_Value,APB2TimFreq_Value,ADCFreqValue,MCOFreq_Value,SYSCLKFreq_VALUE,HSIState,APB1CLKDivider,PLLMUL,ADCPresc
RCC.MCOFreq_Value=72000000
RCC.PLLCLKFreq_Value=72000000
RCC.PLLMCOFreq_Value=36000000
RCC.PLLMUL=RCC_PLL_MUL9
RCC.PLLSourceVirtual=RCC_PLLSOURCE_HSE
RCC.SDIOFreq_Value=72000000
RCC.SDIOHCLKDiv2FreqValue=36000000
RCC.SYSCLKFreq_VALUE=72000000
RCC.SYSCLKSource=RCC_SYSCLKSOURCE_PLLCLK
RCC.TimSysFreq_Value=72000000
RCC.USBFreq_Value=72000000
RCC.VCOOutput2Freq_Value=8000000
SH.ADCx_IN10.0=ADC1_IN10,IN10
SH.ADCx_IN10.ConfNb=1
VP_SYS_VS_Systick.Mode=SysTick
VP_SYS_VS_Systick.Signal=SYS_VS_Systick
board=YS-F1Pro
